
Microsoft Visual Studio Solution File, Format Version 12.00
# Visual Studio Version 17
VisualStudioVersion = 17.14.36119.2 d17.14
MinimumVisualStudioVersion = 10.0.40219.1
Project("{FAE04EC0-301F-11D3-BF4B-00C04F79EFBC}") = "QPAProjeto", "QPAProjeto\QPAProjeto.csproj", "{641A9194-07AB-4281-8FDA-422D6C50812C}"
EndProject
Global
	GlobalSection(SolutionConfigurationPlatforms) = preSolution
		Debug|Any CPU = Debug|Any CPU
		Release|Any CPU = Release|Any CPU
	EndGlobalSection
	GlobalSection(ProjectConfigurationPlatforms) = postSolution
		{641A9194-07AB-4281-8FDA-422D6C50812C}.Debug|Any CPU.ActiveCfg = Debug|Any CPU
		{641A9194-07AB-4281-8FDA-422D6C50812C}.Debug|Any CPU.Build.0 = Debug|Any CPU
		{641A9194-07AB-4281-8FDA-422D6C50812C}.Release|Any CPU.ActiveCfg = Release|Any CPU
		{641A9194-07AB-4281-8FDA-422D6C50812C}.Release|Any CPU.Build.0 = Release|Any CPU
	EndGlobalSection
	GlobalSection(SolutionProperties) = preSolution
		HideSolutionNode = FALSE
	EndGlobalSection
	GlobalSection(ExtensibilityGlobals) = postSolution
		SolutionGuid = {B7DC2467-B0B5-40FC-9D29-9046B9E46D6A}
	EndGlobalSection
EndGlobal
